<?xml version="1.0" encoding="utf-8"?>
<Project ToolsVersion="4.0" xmlns="http://schemas.microsoft.com/developer/msbuild/2003">
  <ItemGroup>
    <Filter Include="源文件">
      <UniqueIdentifier>{4FC737F1-C7A5-4376-A066-2A32D752A2FF}</UniqueIdentifier>
      <Extensions>cpp;c;cc;cxx;c++;cppm;ixx;def;odl;idl;hpj;bat;asm;asmx</Extensions>
    </Filter>
    <Filter Include="头文件">
      <UniqueIdentifier>{93995380-89BD-4b04-88EB-625FBE52EBFB}</UniqueIdentifier>
      <Extensions>h;hh;hpp;hxx;h++;hm;inl;inc;ipp;xsd</Extensions>
    </Filter>
    <Filter Include="资源文件">
      <UniqueIdentifier>{67DA6AB6-F800-4c08-8B7A-83BB121AAD01}</UniqueIdentifier>
      <Extensions>rc;ico;cur;bmp;dlg;rc2;rct;bin;rgs;gif;jpg;jpeg;jpe;resx;tiff;tif;png;wav;mfcribbon-ms</Extensions>
    </Filter>
    <Filter Include="头文件\Interface">
      <UniqueIdentifier>{c558ab49-42bb-446d-bfab-142bccadd8bb}</UniqueIdentifier>
    </Filter>
    <Filter Include="头文件\Importer">
      <UniqueIdentifier>{cfc8c339-a030-4016-9852-93ebca9859b5}</UniqueIdentifier>
    </Filter>
    <Filter Include="头文件\Exporter">
      <UniqueIdentifier>{14a8087d-6101-43ef-af70-b653d077ea7b}</UniqueIdentifier>
    </Filter>
    <Filter Include="头文件\Controller">
      <UniqueIdentifier>{45a426c9-61a5-4aa4-b563-1920dac48e69}</UniqueIdentifier>
    </Filter>
    <Filter Include="头文件\Viewer">
      <UniqueIdentifier>{b0dd8e0a-5c22-4de2-8d5e-c31bd52064ca}</UniqueIdentifier>
    </Filter>
  </ItemGroup>
  <ItemGroup>
    <ClInclude Include="Interface\Point3D.h">
      <Filter>头文件\Interface</Filter>
    </ClInclude>
    <ClInclude Include="Interface\Line3D.h">
      <Filter>头文件\Interface</Filter>
    </ClInclude>
    <ClInclude Include="Interface\Face3D.h">
      <Filter>头文件\Interface</Filter>
    </ClInclude>
    <ClInclude Include="Interface\Model3D.h">
      <Filter>头文件\Interface</Filter>
    </ClInclude>
    <ClInclude Include="Importer\ImporterBase.h">
      <Filter>头文件\Importer</Filter>
    </ClInclude>
    <ClInclude Include="Importer\ObjImporter.h">
      <Filter>头文件\Importer</Filter>
    </ClInclude>
    <ClInclude Include="Exporter\ExporterBase.h">
      <Filter>头文件\Exporter</Filter>
    </ClInclude>
    <ClInclude Include="Exporter\ObjExporter.h">
      <Filter>头文件\Exporter</Filter>
    </ClInclude>
  </ItemGroup>
  <ItemGroup>
    <ClCompile Include="3DWorldTest.cpp">
      <Filter>源文件</Filter>
    </ClCompile>
  </ItemGroup>
</Project>